<?xml version="1.0" encoding="UTF-8" standalone="yes" ?>
<CodeBlocks_project_file>
	<FileVersion major="1" minor="6" />
	<Project>
		<Option title="Base64t" />
		<Option pch_mode="2" />
		<Option compiler="gcc" />
		<Build>
			<Target title="Release">
				<Option output="Base64t" prefix_auto="1" extension_auto="1" />
				<Option object_output="C:\erikprogram\Base64\Base64 texture\.objs" />
				<Option type="0" />
				<Option compiler="gcc" />
				<Compiler>
					<Add option="-O2" />
				</Compiler>
				<Linker>
					<Add option="-s" />
					<Add library="C:\Program Files (x86)\CodeBlocks\MinGW\lib\libSOIL.a" />
					<Add library="C:\Program Files (x86)\CodeBlocks\MinGW\lib\libglu32.a" />
					<Add library="C:\Program Files (x86)\CodeBlocks\MinGW\lib\libopengl32.a" />
				</Linker>
			</Target>
		</Build>
		<Compiler>
			<Add option="-Wall" />
		</Compiler>
		<Unit filename="base64.cpp" />
		<Unit filename="base64.h" />
		<Unit filename="main.cpp" />
		<Extensions>
			<code_completion />
			<debugger />
		</Extensions>
	</Project>
</CodeBlocks_project_file>
